<?xml version="1.0" encoding="utf-8"?>
<Project ToolsVersion="4.0" xmlns="http://schemas.microsoft.com/developer/msbuild/2003">
  <ItemGroup>
    <Filter Include="Header Files">
      <UniqueIdentifier>{93995380-89BD-4b04-88EB-625FBE52EBFB}</UniqueIdentifier>
      <Extensions>h;hh;hpp;hxx;h++;hm;inl;inc;ipp;xsd</Extensions>
    </Filter>
    <Filter Include="Resource Files">
      <UniqueIdentifier>{67DA6AB6-F800-4c08-8B7A-83BB121AAD01}</UniqueIdentifier>
      <Extensions>rc;ico;cur;bmp;dlg;rc2;rct;bin;rgs;gif;jpg;jpeg;jpe;resx;tiff;tif;png;wav;mfcribbon-ms</Extensions>
    </Filter>
    <Filter Include="Header Files\Public">
      <UniqueIdentifier>{a222b0d5-9f9a-4eae-a2ac-441cace610e6}</UniqueIdentifier>
    </Filter>
    <Filter Include="Header Files\Exception">
      <UniqueIdentifier>{ca6e62e0-107d-4e4c-bf25-ba37087f43de}</UniqueIdentifier>
    </Filter>
    <Filter Include="Header Files\Model">
      <UniqueIdentifier>{5cee5f9a-bc90-4317-ba68-c92b887bb3ec}</UniqueIdentifier>
    </Filter>
    <Filter Include="Header Files\Utility">
      <UniqueIdentifier>{f65d8897-7d00-4fde-88c6-e4e0e2c6d61a}</UniqueIdentifier>
    </Filter>
    <Filter Include="Header Files\Core">
      <UniqueIdentifier>{8ebfd17f-39c8-48a7-ae5b-98ffecf3c53c}</UniqueIdentifier>
    </Filter>
    <Filter Include="Source Files">
      <UniqueIdentifier>{47707d1c-7f8c-45e6-9072-657741989c19}</UniqueIdentifier>
    </Filter>
    <Filter Include="Source Files\Public">
      <UniqueIdentifier>{6c438142-b5a7-4068-8f39-7cf60b9a64e4}</UniqueIdentifier>
    </Filter>
    <Filter Include="Source Files\Exception">
      <UniqueIdentifier>{01c6c484-333b-459e-a33b-cf80fc77c23b}</UniqueIdentifier>
    </Filter>
    <Filter Include="Source Files\Model">
      <UniqueIdentifier>{14c40f6f-4ba4-4e07-b1ce-13c1cf04b3a0}</UniqueIdentifier>
    </Filter>
    <Filter Include="Source Files\Core">
      <UniqueIdentifier>{11015f83-3e45-45dd-8716-abdca32421ac}</UniqueIdentifier>
    </Filter>
    <Filter Include="Source Files\Utility">
      <UniqueIdentifier>{089834e7-1c39-4708-b6d1-9636963d2298}</UniqueIdentifier>
    </Filter>
  </ItemGroup>
  <ItemGroup>
    <ClCompile Include="AppInfo.cpp">
      <Filter>Source Files\Public</Filter>
    </ClCompile>
    <ClCompile Include="MrzCheck.cpp">
      <Filter>Source Files\Exception</Filter>
    </ClCompile>
    <ClCompile Include="MrzException.cpp">
      <Filter>Source Files\Exception</Filter>
    </ClCompile>
    <ClCompile Include="MrzExceptionList.cpp">
      <Filter>Source Files\Exception</Filter>
    </ClCompile>
    <ClCompile Include="fridge_eye_export.cpp">
      <Filter>Source Files\Public</Filter>
    </ClCompile>
    <ClCompile Include="modelResult.cpp">
      <Filter>Source Files\Model</Filter>
    </ClCompile>
    <ClCompile Include="modelBase.cpp">
      <Filter>Source Files\Model</Filter>
    </ClCompile>
    <ClCompile Include="model_utils.cpp">
      <Filter>Source Files\Model</Filter>
    </ClCompile>
    <ClCompile Include="PassportReader.cpp">
      <Filter>Source Files\Core</Filter>
    </ClCompile>
    <ClCompile Include="PassportSegmentor.cpp">
      <Filter>Source Files\Core</Filter>
    </ClCompile>
    <ClCompile Include="utility.cpp">
      <Filter>Source Files\Utility</Filter>
    </ClCompile>
    <ClCompile Include="model_seg.cpp">
      <Filter>Source Files\Model</Filter>
    </ClCompile>
    <ClCompile Include="dip_utility.cpp" />
    <ClCompile Include="YuNet.cpp" />
    <ClCompile Include="mrz_data_type.cpp" />
  </ItemGroup>
  <ItemGroup>
    <ClInclude Include="AppInfo.h">
      <Filter>Header Files\Public</Filter>
    </ClInclude>
    <ClInclude Include="mrz_reader_export.h">
      <Filter>Header Files\Public</Filter>
    </ClInclude>
    <ClInclude Include="mrz_reader_global.h">
      <Filter>Header Files\Public</Filter>
    </ClInclude>
    <ClInclude Include="MrzExceptionList.h">
      <Filter>Header Files\Exception</Filter>
    </ClInclude>
    <ClInclude Include="MrzException.h">
      <Filter>Header Files\Exception</Filter>
    </ClInclude>
    <ClInclude Include="model_utils.h">
      <Filter>Header Files\Model</Filter>
    </ClInclude>
    <ClInclude Include="modelBase.h">
      <Filter>Header Files\Model</Filter>
    </ClInclude>
    <ClInclude Include="MrzCheck.h">
      <Filter>Header Files\Exception</Filter>
    </ClInclude>
    <ClInclude Include="ModelResult.h">
      <Filter>Header Files\Model</Filter>
    </ClInclude>
    <ClInclude Include="utility.h">
      <Filter>Header Files\Utility</Filter>
    </ClInclude>
    <ClInclude Include="PassportReader.h">
      <Filter>Header Files\Core</Filter>
    </ClInclude>
    <ClInclude Include="PassportSegmentor.h">
      <Filter>Header Files\Core</Filter>
    </ClInclude>
    <ClInclude Include="model_seg.h">
      <Filter>Header Files\Model</Filter>
    </ClInclude>
    <ClInclude Include="mrz_reader_type.h">
      <Filter>Header Files\Utility</Filter>
    </ClInclude>
    <ClInclude Include="dip_utility.h">
      <Filter>Header Files</Filter>
    </ClInclude>
    <ClInclude Include="YuNet.h">
      <Filter>Header Files</Filter>
    </ClInclude>
    <ClInclude Include="mrz_data_type.h">
      <Filter>Header Files</Filter>
    </ClInclude>
  </ItemGroup>
</Project>